
Microsoft Visual Studio Solution File, Format Version 12.00
# Visual Studio 14
VisualStudioVersion = 14.0.25420.1
MinimumVisualStudioVersion = 10.0.40219.1
Project("{FAE04EC0-301F-11D3-BF4B-00C04F79EFBC}") = "NewSwitch", "NewSwitch\NewSwitch\NewSwitch.csproj", "{AE7587B4-61CF-477F-9DC2-8883BAB2FCDC}"
EndProject
Project("{FAE04EC0-301F-11D3-BF4B-00C04F79EFBC}") = "NewSwitch.Droid", "NewSwitch\NewSwitch.Droid\NewSwitch.Droid.csproj", "{793CDAB9-0C59-46E1-AC82-D43AAE9C20C2}"
EndProject
Project("{FAE04EC0-301F-11D3-BF4B-00C04F79EFBC}") = "NewSwitch.iOS", "NewSwitch\NewSwitch.iOS\NewSwitch.iOS.csproj", "{D30FFF48-D1FC-40D9-BE6A-8CDCB9D5F037}"
EndProject
Project("{FAE04EC0-301F-11D3-BF4B-00C04F79EFBC}") = "NewSwitch.WinPhone", "NewSwitch\NewSwitch.WinPhone\NewSwitch.WinPhone.csproj", "{8AB4D3D6-5271-41C2-9103-C3774E568568}"
EndProject
Project("{FAE04EC0-301F-11D3-BF4B-00C04F79EFBC}") = "NewSwitch.UWP", "NewSwitch\NewSwitch.UWP\NewSwitch.UWP.csproj", "{495CB26A-AA73-4BD8-ACE4-82C361AACEC5}"
EndProject
Project("{FAE04EC0-301F-11D3-BF4B-00C04F79EFBC}") = "NewSwitch.Windows", "NewSwitch\NewSwitch.Windows\NewSwitch.Windows.csproj", "{64A99393-2D8A-4B36-BBAF-CEB0006210CF}"
EndProject
Global
	GlobalSection(SolutionConfigurationPlatforms) = preSolution
		Ad-Hoc|Any CPU = Ad-Hoc|Any CPU
		Ad-Hoc|ARM = Ad-Hoc|ARM
		Ad-Hoc|iPhone = Ad-Hoc|iPhone
		Ad-Hoc|iPhoneSimulator = Ad-Hoc|iPhoneSimulator
		Ad-Hoc|x64 = Ad-Hoc|x64
		Ad-Hoc|x86 = Ad-Hoc|x86
		AppStore|Any CPU = AppStore|Any CPU
		AppStore|ARM = AppStore|ARM
		AppStore|iPhone = AppStore|iPhone
		AppStore|iPhoneSimulator = AppStore|iPhoneSimulator
		AppStore|x64 = AppStore|x64
		AppStore|x86 = AppStore|x86
		Debug|Any CPU = Debug|Any CPU
		Debug|ARM = Debug|ARM
		Debug|iPhone = Debug|iPhone
		Debug|iPhoneSimulator = Debug|iPhoneSimulator
		Debug|x64 = Debug|x64
		Debug|x86 = Debug|x86
		Release|Any CPU = Release|Any CPU
		Release|ARM = Release|ARM
		Release|iPhone = Release|iPhone
		Release|iPhoneSimulator = Release|iPhoneSimulator
		Release|x64 = Release|x64
		Release|x86 = Release|x86
	EndGlobalSection
	GlobalSection(ProjectConfigurationPlatforms) = postSolution
		{AE7587B4-61CF-477F-9DC2-8883BAB2FCDC}.Ad-Hoc|Any CPU.ActiveCfg = Release|Any CPU
		{AE7587B4-61CF-477F-9DC2-8883BAB2FCDC}.Ad-Hoc|Any CPU.Build.0 = Release|Any CPU
		{AE7587B4-61CF-477F-9DC2-8883BAB2FCDC}.Ad-Hoc|ARM.ActiveCfg = Release|Any CPU
		{AE7587B4-61CF-477F-9DC2-8883BAB2FCDC}.Ad-Hoc|ARM.Build.0 = Release|Any CPU
		{AE7587B4-61CF-477F-9DC2-8883BAB2FCDC}.Ad-Hoc|iPhone.ActiveCfg = Release|Any CPU
		{AE7587B4-61CF-477F-9DC2-8883BAB2FCDC}.Ad-Hoc|iPhone.Build.0 = Release|Any CPU
		{AE7587B4-61CF-477F-9DC2-8883BAB2FCDC}.Ad-Hoc|iPhoneSimulator.ActiveCfg = Release|Any CPU
		{AE7587B4-61CF-477F-9DC2-8883BAB2FCDC}.Ad-Hoc|iPhoneSimulator.Build.0 = Release|Any CPU
		{AE7587B4-61CF-477F-9DC2-8883BAB2FCDC}.Ad-Hoc|x64.ActiveCfg = Release|Any CPU
		{AE7587B4-61CF-477F-9DC2-8883BAB2FCDC}.Ad-Hoc|x64.Build.0 = Release|Any CPU
		{AE7587B4-61CF-477F-9DC2-8883BAB2FCDC}.Ad-Hoc|x86.ActiveCfg = Release|Any CPU
		{AE7587B4-61CF-477F-9DC2-8883BAB2FCDC}.Ad-Hoc|x86.Build.0 = Release|Any CPU
		{AE7587B4-61CF-477F-9DC2-8883BAB2FCDC}.AppStore|Any CPU.ActiveCfg = Release|Any CPU
		{AE7587B4-61CF-477F-9DC2-8883BAB2FCDC}.AppStore|Any CPU.Build.0 = Release|Any CPU
		{AE7587B4-61CF-477F-9DC2-8883BAB2FCDC}.AppStore|ARM.ActiveCfg = Release|Any CPU
		{AE7587B4-61CF-477F-9DC2-8883BAB2FCDC}.AppStore|ARM.Build.0 = Release|Any CPU
		{AE7587B4-61CF-477F-9DC2-8883BAB2FCDC}.AppStore|iPhone.ActiveCfg = Release|Any CPU
		{AE7587B4-61CF-477F-9DC2-8883BAB2FCDC}.AppStore|iPhone.Build.0 = Release|Any CPU
		{AE7587B4-61CF-477F-9DC2-8883BAB2FCDC}.AppStore|iPhoneSimulator.ActiveCfg = Release|Any CPU
		{AE7587B4-61CF-477F-9DC2-8883BAB2FCDC}.AppStore|iPhoneSimulator.Build.0 = Release|Any CPU
		{AE7587B4-61CF-477F-9DC2-8883BAB2FCDC}.AppStore|x64.ActiveCfg = Release|Any CPU
		{AE7587B4-61CF-477F-9DC2-8883BAB2FCDC}.AppStore|x64.Build.0 = Release|Any CPU
		{AE7587B4-61CF-477F-9DC2-8883BAB2FCDC}.AppStore|x86.ActiveCfg = Release|Any CPU
		{AE7587B4-61CF-477F-9DC2-8883BAB2FCDC}.AppStore|x86.Build.0 = Release|Any CPU
		{AE7587B4-61CF-477F-9DC2-8883BAB2FCDC}.Debug|Any CPU.ActiveCfg = Debug|Any CPU
		{AE7587B4-61CF-477F-9DC2-8883BAB2FCDC}.Debug|Any CPU.Build.0 = Debug|Any CPU
		{AE7587B4-61CF-477F-9DC2-8883BAB2FCDC}.Debug|ARM.ActiveCfg = Debug|Any CPU
		{AE7587B4-61CF-477F-9DC2-8883BAB2FCDC}.Debug|ARM.Build.0 = Debug|Any CPU
		{AE7587B4-61CF-477F-9DC2-8883BAB2FCDC}.Debug|iPhone.ActiveCfg = Debug|Any CPU
		{AE7587B4-61CF-477F-9DC2-8883BAB2FCDC}.Debug|iPhone.Build.0 = Debug|Any CPU
		{AE7587B4-61CF-477F-9DC2-8883BAB2FCDC}.Debug|iPhoneSimulator.ActiveCfg = Debug|Any CPU
		{AE7587B4-61CF-477F-9DC2-8883BAB2FCDC}.Debug|iPhoneSimulator.Build.0 = Debug|Any CPU
		{AE7587B4-61CF-477F-9DC2-8883BAB2FCDC}.Debug|x64.ActiveCfg = Debug|Any CPU
		{AE7587B4-61CF-477F-9DC2-8883BAB2FCDC}.Debug|x64.Build.0 = Debug|Any CPU
		{AE7587B4-61CF-477F-9DC2-8883BAB2FCDC}.Debug|x86.ActiveCfg = Debug|Any CPU
		{AE7587B4-61CF-477F-9DC2-8883BAB2FCDC}.Debug|x86.Build.0 = Debug|Any CPU
		{AE7587B4-61CF-477F-9DC2-8883BAB2FCDC}.Release|Any CPU.ActiveCfg = Release|Any CPU
		{AE7587B4-61CF-477F-9DC2-8883BAB2FCDC}.Release|Any CPU.Build.0 = Release|Any CPU
		{AE7587B4-61CF-477F-9DC2-8883BAB2FCDC}.Release|ARM.ActiveCfg = Release|Any CPU
		{AE7587B4-61CF-477F-9DC2-8883BAB2FCDC}.Release|ARM.Build.0 = Release|Any CPU
		{AE7587B4-61CF-477F-9DC2-8883BAB2FCDC}.Release|iPhone.ActiveCfg = Release|Any CPU
		{AE7587B4-61CF-477F-9DC2-8883BAB2FCDC}.Release|iPhone.Build.0 = Release|Any CPU
		{AE7587B4-61CF-477F-9DC2-8883BAB2FCDC}.Release|iPhoneSimulator.ActiveCfg = Release|Any CPU
		{AE7587B4-61CF-477F-9DC2-8883BAB2FCDC}.Release|iPhoneSimulator.Build.0 = Release|Any CPU
		{AE7587B4-61CF-477F-9DC2-8883BAB2FCDC}.Release|x64.ActiveCfg = Release|Any CPU
		{AE7587B4-61CF-477F-9DC2-8883BAB2FCDC}.Release|x64.Build.0 = Release|Any CPU
		{AE7587B4-61CF-477F-9DC2-8883BAB2FCDC}.Release|x86.ActiveCfg = Release|Any CPU
		{AE7587B4-61CF-477F-9DC2-8883BAB2FCDC}.Release|x86.Build.0 = Release|Any CPU
		{793CDAB9-0C59-46E1-AC82-D43AAE9C20C2}.Ad-Hoc|Any CPU.ActiveCfg = Release|Any CPU
		{793CDAB9-0C59-46E1-AC82-D43AAE9C20C2}.Ad-Hoc|Any CPU.Build.0 = Release|Any CPU
		{793CDAB9-0C59-46E1-AC82-D43AAE9C20C2}.Ad-Hoc|Any CPU.Deploy.0 = Release|Any CPU
		{793CDAB9-0C59-46E1-AC82-D43AAE9C20C2}.Ad-Hoc|ARM.ActiveCfg = Release|Any CPU
		{793CDAB9-0C59-46E1-AC82-D43AAE9C20C2}.Ad-Hoc|ARM.Build.0 = Release|Any CPU
		{793CDAB9-0C59-46E1-AC82-D43AAE9C20C2}.Ad-Hoc|ARM.Deploy.0 = Release|Any CPU
		{793CDAB9-0C59-46E1-AC82-D43AAE9C20C2}.Ad-Hoc|iPhone.ActiveCfg = Release|Any CPU
		{793CDAB9-0C59-46E1-AC82-D43AAE9C20C2}.Ad-Hoc|iPhone.Build.0 = Release|Any CPU
		{793CDAB9-0C59-46E1-AC82-D43AAE9C20C2}.Ad-Hoc|iPhone.Deploy.0 = Release|Any CPU
		{793CDAB9-0C59-46E1-AC82-D43AAE9C20C2}.Ad-Hoc|iPhoneSimulator.ActiveCfg = Release|Any CPU
		{793CDAB9-0C59-46E1-AC82-D43AAE9C20C2}.Ad-Hoc|iPhoneSimulator.Build.0 = Release|Any CPU
		{793CDAB9-0C59-46E1-AC82-D43AAE9C20C2}.Ad-Hoc|iPhoneSimulator.Deploy.0 = Release|Any CPU
		{793CDAB9-0C59-46E1-AC82-D43AAE9C20C2}.Ad-Hoc|x64.ActiveCfg = Release|Any CPU
		{793CDAB9-0C59-46E1-AC82-D43AAE9C20C2}.Ad-Hoc|x64.Build.0 = Release|Any CPU
		{793CDAB9-0C59-46E1-AC82-D43AAE9C20C2}.Ad-Hoc|x64.Deploy.0 = Release|Any CPU
		{793CDAB9-0C59-46E1-AC82-D43AAE9C20C2}.Ad-Hoc|x86.ActiveCfg = Release|Any CPU
		{793CDAB9-0C59-46E1-AC82-D43AAE9C20C2}.Ad-Hoc|x86.Build.0 = Release|Any CPU
		{793CDAB9-0C59-46E1-AC82-D43AAE9C20C2}.Ad-Hoc|x86.Deploy.0 = Release|Any CPU
		{793CDAB9-0C59-46E1-AC82-D43AAE9C20C2}.AppStore|Any CPU.ActiveCfg = Release|Any CPU
		{793CDAB9-0C59-46E1-AC82-D43AAE9C20C2}.AppStore|Any CPU.Build.0 = Release|Any CPU
		{793CDAB9-0C59-46E1-AC82-D43AAE9C20C2}.AppStore|Any CPU.Deploy.0 = Release|Any CPU
		{793CDAB9-0C59-46E1-AC82-D43AAE9C20C2}.AppStore|ARM.ActiveCfg = Release|Any CPU
		{793CDAB9-0C59-46E1-AC82-D43AAE9C20C2}.AppStore|ARM.Build.0 = Release|Any CPU
		{793CDAB9-0C59-46E1-AC82-D43AAE9C20C2}.AppStore|ARM.Deploy.0 = Release|Any CPU
		{793CDAB9-0C59-46E1-AC82-D43AAE9C20C2}.AppStore|iPhone.ActiveCfg = Release|Any CPU
		{793CDAB9-0C59-46E1-AC82-D43AAE9C20C2}.AppStore|iPhone.Build.0 = Release|Any CPU
		{793CDAB9-0C59-46E1-AC82-D43AAE9C20C2}.AppStore|iPhone.Deploy.0 = Release|Any CPU
		{793CDAB9-0C59-46E1-AC82-D43AAE9C20C2}.AppStore|iPhoneSimulator.ActiveCfg = Release|Any CPU
		{793CDAB9-0C59-46E1-AC82-D43AAE9C20C2}.AppStore|iPhoneSimulator.Build.0 = Release|Any CPU
		{793CDAB9-0C59-46E1-AC82-D43AAE9C20C2}.AppStore|iPhoneSimulator.Deploy.0 = Release|Any CPU
		{793CDAB9-0C59-46E1-AC82-D43AAE9C20C2}.AppStore|x64.ActiveCfg = Release|Any CPU
		{793CDAB9-0C59-46E1-AC82-D43AAE9C20C2}.AppStore|x64.Build.0 = Release|Any CPU
		{793CDAB9-0C59-46E1-AC82-D43AAE9C20C2}.AppStore|x64.Deploy.0 = Release|Any CPU
		{793CDAB9-0C59-46E1-AC82-D43AAE9C20C2}.AppStore|x86.ActiveCfg = Release|Any CPU
		{793CDAB9-0C59-46E1-AC82-D43AAE9C20C2}.AppStore|x86.Build.0 = Release|Any CPU
		{793CDAB9-0C59-46E1-AC82-D43AAE9C20C2}.AppStore|x86.Deploy.0 = Release|Any CPU
		{793CDAB9-0C59-46E1-AC82-D43AAE9C20C2}.Debug|Any CPU.ActiveCfg = Debug|Any CPU
		{793CDAB9-0C59-46E1-AC82-D43AAE9C20C2}.Debug|Any CPU.Build.0 = Debug|Any CPU
		{793CDAB9-0C59-46E1-AC82-D43AAE9C20C2}.Debug|Any CPU.Deploy.0 = Debug|Any CPU
		{793CDAB9-0C59-46E1-AC82-D43AAE9C20C2}.Debug|ARM.ActiveCfg = Debug|Any CPU
		{793CDAB9-0C59-46E1-AC82-D43AAE9C20C2}.Debug|ARM.Build.0 = Debug|Any CPU
		{793CDAB9-0C59-46E1-AC82-D43AAE9C20C2}.Debug|ARM.Deploy.0 = Debug|Any CPU
		{793CDAB9-0C59-46E1-AC82-D43AAE9C20C2}.Debug|iPhone.ActiveCfg = Debug|Any CPU
		{793CDAB9-0C59-46E1-AC82-D43AAE9C20C2}.Debug|iPhone.Build.0 = Debug|Any CPU
		{793CDAB9-0C59-46E1-AC82-D43AAE9C20C2}.Debug|iPhone.Deploy.0 = Debug|Any CPU
		{793CDAB9-0C59-46E1-AC82-D43AAE9C20C2}.Debug|iPhoneSimulator.ActiveCfg = Debug|Any CPU
		{793CDAB9-0C59-46E1-AC82-D43AAE9C20C2}.Debug|iPhoneSimulator.Build.0 = Debug|Any CPU
		{793CDAB9-0C59-46E1-AC82-D43AAE9C20C2}.Debug|iPhoneSimulator.Deploy.0 = Debug|Any CPU
		{793CDAB9-0C59-46E1-AC82-D43AAE9C20C2}.Debug|x64.ActiveCfg = Debug|Any CPU
		{793CDAB9-0C59-46E1-AC82-D43AAE9C20C2}.Debug|x64.Build.0 = Debug|Any CPU
		{793CDAB9-0C59-46E1-AC82-D43AAE9C20C2}.Debug|x64.Deploy.0 = Debug|Any CPU
		{793CDAB9-0C59-46E1-AC82-D43AAE9C20C2}.Debug|x86.ActiveCfg = Debug|Any CPU
		{793CDAB9-0C59-46E1-AC82-D43AAE9C20C2}.Debug|x86.Build.0 = Debug|Any CPU
		{793CDAB9-0C59-46E1-AC82-D43AAE9C20C2}.Debug|x86.Deploy.0 = Debug|Any CPU
		{793CDAB9-0C59-46E1-AC82-D43AAE9C20C2}.Release|Any CPU.ActiveCfg = Release|Any CPU
		{793CDAB9-0C59-46E1-AC82-D43AAE9C20C2}.Release|Any CPU.Build.0 = Release|Any CPU
		{793CDAB9-0C59-46E1-AC82-D43AAE9C20C2}.Release|Any CPU.Deploy.0 = Release|Any CPU
		{793CDAB9-0C59-46E1-AC82-D43AAE9C20C2}.Release|ARM.ActiveCfg = Release|Any CPU
		{793CDAB9-0C59-46E1-AC82-D43AAE9C20C2}.Release|ARM.Build.0 = Release|Any CPU
		{793CDAB9-0C59-46E1-AC82-D43AAE9C20C2}.Release|ARM.Deploy.0 = Release|Any CPU
		{793CDAB9-0C59-46E1-AC82-D43AAE9C20C2}.Release|iPhone.ActiveCfg = Release|Any CPU
		{793CDAB9-0C59-46E1-AC82-D43AAE9C20C2}.Release|iPhone.Build.0 = Release|Any CPU
		{793CDAB9-0C59-46E1-AC82-D43AAE9C20C2}.Release|iPhone.Deploy.0 = Release|Any CPU
		{793CDAB9-0C59-46E1-AC82-D43AAE9C20C2}.Release|iPhoneSimulator.ActiveCfg = Release|Any CPU
		{793CDAB9-0C59-46E1-AC82-D43AAE9C20C2}.Release|iPhoneSimulator.Build.0 = Release|Any CPU
		{793CDAB9-0C59-46E1-AC82-D43AAE9C20C2}.Release|iPhoneSimulator.Deploy.0 = Release|Any CPU
		{793CDAB9-0C59-46E1-AC82-D43AAE9C20C2}.Release|x64.ActiveCfg = Release|Any CPU
		{793CDAB9-0C59-46E1-AC82-D43AAE9C20C2}.Release|x64.Build.0 = Release|Any CPU
		{793CDAB9-0C59-46E1-AC82-D43AAE9C20C2}.Release|x64.Deploy.0 = Release|Any CPU
		{793CDAB9-0C59-46E1-AC82-D43AAE9C20C2}.Release|x86.ActiveCfg = Release|Any CPU
		{793CDAB9-0C59-46E1-AC82-D43AAE9C20C2}.Release|x86.Build.0 = Release|Any CPU
		{793CDAB9-0C59-46E1-AC82-D43AAE9C20C2}.Release|x86.Deploy.0 = Release|Any CPU
		{D30FFF48-D1FC-40D9-BE6A-8CDCB9D5F037}.Ad-Hoc|Any CPU.ActiveCfg = Ad-Hoc|iPhone
		{D30FFF48-D1FC-40D9-BE6A-8CDCB9D5F037}.Ad-Hoc|ARM.ActiveCfg = Ad-Hoc|iPhone
		{D30FFF48-D1FC-40D9-BE6A-8CDCB9D5F037}.Ad-Hoc|iPhone.ActiveCfg = Ad-Hoc|iPhone
		{D30FFF48-D1FC-40D9-BE6A-8CDCB9D5F037}.Ad-Hoc|iPhone.Build.0 = Ad-Hoc|iPhone
		{D30FFF48-D1FC-40D9-BE6A-8CDCB9D5F037}.Ad-Hoc|iPhoneSimulator.ActiveCfg = Ad-Hoc|iPhoneSimulator
		{D30FFF48-D1FC-40D9-BE6A-8CDCB9D5F037}.Ad-Hoc|iPhoneSimulator.Build.0 = Ad-Hoc|iPhoneSimulator
		{D30FFF48-D1FC-40D9-BE6A-8CDCB9D5F037}.Ad-Hoc|x64.ActiveCfg = Ad-Hoc|iPhone
		{D30FFF48-D1FC-40D9-BE6A-8CDCB9D5F037}.Ad-Hoc|x86.ActiveCfg = Ad-Hoc|iPhone
		{D30FFF48-D1FC-40D9-BE6A-8CDCB9D5F037}.AppStore|Any CPU.ActiveCfg = AppStore|iPhone
		{D30FFF48-D1FC-40D9-BE6A-8CDCB9D5F037}.AppStore|ARM.ActiveCfg = AppStore|iPhone
		{D30FFF48-D1FC-40D9-BE6A-8CDCB9D5F037}.AppStore|iPhone.ActiveCfg = AppStore|iPhone
		{D30FFF48-D1FC-40D9-BE6A-8CDCB9D5F037}.AppStore|iPhone.Build.0 = AppStore|iPhone
		{D30FFF48-D1FC-40D9-BE6A-8CDCB9D5F037}.AppStore|iPhoneSimulator.ActiveCfg = AppStore|iPhoneSimulator
		{D30FFF48-D1FC-40D9-BE6A-8CDCB9D5F037}.AppStore|iPhoneSimulator.Build.0 = AppStore|iPhoneSimulator
		{D30FFF48-D1FC-40D9-BE6A-8CDCB9D5F037}.AppStore|x64.ActiveCfg = AppStore|iPhone
		{D30FFF48-D1FC-40D9-BE6A-8CDCB9D5F037}.AppStore|x86.ActiveCfg = AppStore|iPhone
		{D30FFF48-D1FC-40D9-BE6A-8CDCB9D5F037}.Debug|Any CPU.ActiveCfg = Debug|iPhone
		{D30FFF48-D1FC-40D9-BE6A-8CDCB9D5F037}.Debug|ARM.ActiveCfg = Debug|iPhone
		{D30FFF48-D1FC-40D9-BE6A-8CDCB9D5F037}.Debug|iPhone.ActiveCfg = Debug|iPhone
		{D30FFF48-D1FC-40D9-BE6A-8CDCB9D5F037}.Debug|iPhone.Build.0 = Debug|iPhone
		{D30FFF48-D1FC-40D9-BE6A-8CDCB9D5F037}.Debug|iPhoneSimulator.ActiveCfg = Debug|iPhoneSimulator
		{D30FFF48-D1FC-40D9-BE6A-8CDCB9D5F037}.Debug|iPhoneSimulator.Build.0 = Debug|iPhoneSimulator
		{D30FFF48-D1FC-40D9-BE6A-8CDCB9D5F037}.Debug|x64.ActiveCfg = Debug|iPhone
		{D30FFF48-D1FC-40D9-BE6A-8CDCB9D5F037}.Debug|x86.ActiveCfg = Debug|iPhone
		{D30FFF48-D1FC-40D9-BE6A-8CDCB9D5F037}.Release|Any CPU.ActiveCfg = Release|iPhone
		{D30FFF48-D1FC-40D9-BE6A-8CDCB9D5F037}.Release|ARM.ActiveCfg = Release|iPhone
		{D30FFF48-D1FC-40D9-BE6A-8CDCB9D5F037}.Release|iPhone.ActiveCfg = Release|iPhone
		{D30FFF48-D1FC-40D9-BE6A-8CDCB9D5F037}.Release|iPhone.Build.0 = Release|iPhone
		{D30FFF48-D1FC-40D9-BE6A-8CDCB9D5F037}.Release|iPhoneSimulator.ActiveCfg = Release|iPhoneSimulator
		{D30FFF48-D1FC-40D9-BE6A-8CDCB9D5F037}.Release|iPhoneSimulator.Build.0 = Release|iPhoneSimulator
		{D30FFF48-D1FC-40D9-BE6A-8CDCB9D5F037}.Release|x64.ActiveCfg = Release|iPhone
		{D30FFF48-D1FC-40D9-BE6A-8CDCB9D5F037}.Release|x86.ActiveCfg = Release|iPhone
		{8AB4D3D6-5271-41C2-9103-C3774E568568}.Ad-Hoc|Any CPU.ActiveCfg = Release|Any CPU
		{8AB4D3D6-5271-41C2-9103-C3774E568568}.Ad-Hoc|Any CPU.Build.0 = Release|Any CPU
		{8AB4D3D6-5271-41C2-9103-C3774E568568}.Ad-Hoc|Any CPU.Deploy.0 = Release|Any CPU
		{8AB4D3D6-5271-41C2-9103-C3774E568568}.Ad-Hoc|ARM.ActiveCfg = Release|ARM
		{8AB4D3D6-5271-41C2-9103-C3774E568568}.Ad-Hoc|ARM.Build.0 = Release|ARM
		{8AB4D3D6-5271-41C2-9103-C3774E568568}.Ad-Hoc|ARM.Deploy.0 = Release|ARM
		{8AB4D3D6-5271-41C2-9103-C3774E568568}.Ad-Hoc|iPhone.ActiveCfg = Release|Any CPU
		{8AB4D3D6-5271-41C2-9103-C3774E568568}.Ad-Hoc|iPhone.Build.0 = Release|Any CPU
		{8AB4D3D6-5271-41C2-9103-C3774E568568}.Ad-Hoc|iPhone.Deploy.0 = Release|Any CPU
		{8AB4D3D6-5271-41C2-9103-C3774E568568}.Ad-Hoc|iPhoneSimulator.ActiveCfg = Release|Any CPU
		{8AB4D3D6-5271-41C2-9103-C3774E568568}.Ad-Hoc|iPhoneSimulator.Build.0 = Release|Any CPU
		{8AB4D3D6-5271-41C2-9103-C3774E568568}.Ad-Hoc|iPhoneSimulator.Deploy.0 = Release|Any CPU
		{8AB4D3D6-5271-41C2-9103-C3774E568568}.Ad-Hoc|x64.ActiveCfg = Release|Any CPU
		{8AB4D3D6-5271-41C2-9103-C3774E568568}.Ad-Hoc|x64.Build.0 = Release|Any CPU
		{8AB4D3D6-5271-41C2-9103-C3774E568568}.Ad-Hoc|x64.Deploy.0 = Release|Any CPU
		{8AB4D3D6-5271-41C2-9103-C3774E568568}.Ad-Hoc|x86.ActiveCfg = Release|x86
		{8AB4D3D6-5271-41C2-9103-C3774E568568}.Ad-Hoc|x86.Build.0 = Release|x86
		{8AB4D3D6-5271-41C2-9103-C3774E568568}.Ad-Hoc|x86.Deploy.0 = Release|x86
		{8AB4D3D6-5271-41C2-9103-C3774E568568}.AppStore|Any CPU.ActiveCfg = Release|Any CPU
		{8AB4D3D6-5271-41C2-9103-C3774E568568}.AppStore|Any CPU.Build.0 = Release|Any CPU
		{8AB4D3D6-5271-41C2-9103-C3774E568568}.AppStore|Any CPU.Deploy.0 = Release|Any CPU
		{8AB4D3D6-5271-41C2-9103-C3774E568568}.AppStore|ARM.ActiveCfg = Release|ARM
		{8AB4D3D6-5271-41C2-9103-C3774E568568}.AppStore|ARM.Build.0 = Release|ARM
		{8AB4D3D6-5271-41C2-9103-C3774E568568}.AppStore|ARM.Deploy.0 = Release|ARM
		{8AB4D3D6-5271-41C2-9103-C3774E568568}.AppStore|iPhone.ActiveCfg = Release|Any CPU
		{8AB4D3D6-5271-41C2-9103-C3774E568568}.AppStore|iPhone.Build.0 = Release|Any CPU
		{8AB4D3D6-5271-41C2-9103-C3774E568568}.AppStore|iPhone.Deploy.0 = Release|Any CPU
		{8AB4D3D6-5271-41C2-9103-C3774E568568}.AppStore|iPhoneSimulator.ActiveCfg = Release|Any CPU
		{8AB4D3D6-5271-41C2-9103-C3774E568568}.AppStore|iPhoneSimulator.Build.0 = Release|Any CPU
		{8AB4D3D6-5271-41C2-9103-C3774E568568}.AppStore|iPhoneSimulator.Deploy.0 = Release|Any CPU
		{8AB4D3D6-5271-41C2-9103-C3774E568568}.AppStore|x64.ActiveCfg = Release|Any CPU
		{8AB4D3D6-5271-41C2-9103-C3774E568568}.AppStore|x64.Build.0 = Release|Any CPU
		{8AB4D3D6-5271-41C2-9103-C3774E568568}.AppStore|x64.Deploy.0 = Release|Any CPU
		{8AB4D3D6-5271-41C2-9103-C3774E568568}.AppStore|x86.ActiveCfg = Release|x86
		{8AB4D3D6-5271-41C2-9103-C3774E568568}.AppStore|x86.Build.0 = Release|x86
		{8AB4D3D6-5271-41C2-9103-C3774E568568}.AppStore|x86.Deploy.0 = Release|x86
		{8AB4D3D6-5271-41C2-9103-C3774E568568}.Debug|Any CPU.ActiveCfg = Debug|Any CPU
		{8AB4D3D6-5271-41C2-9103-C3774E568568}.Debug|ARM.ActiveCfg = Debug|ARM
		{8AB4D3D6-5271-41C2-9103-C3774E568568}.Debug|ARM.Build.0 = Debug|ARM
		{8AB4D3D6-5271-41C2-9103-C3774E568568}.Debug|ARM.Deploy.0 = Debug|ARM
		{8AB4D3D6-5271-41C2-9103-C3774E568568}.Debug|iPhone.ActiveCfg = Debug|Any CPU
		{8AB4D3D6-5271-41C2-9103-C3774E568568}.Debug|iPhone.Build.0 = Debug|Any CPU
		{8AB4D3D6-5271-41C2-9103-C3774E568568}.Debug|iPhone.Deploy.0 = Debug|Any CPU
		{8AB4D3D6-5271-41C2-9103-C3774E568568}.Debug|iPhoneSimulator.ActiveCfg = Debug|Any CPU
		{8AB4D3D6-5271-41C2-9103-C3774E568568}.Debug|iPhoneSimulator.Build.0 = Debug|Any CPU
		{8AB4D3D6-5271-41C2-9103-C3774E568568}.Debug|iPhoneSimulator.Deploy.0 = Debug|Any CPU
		{8AB4D3D6-5271-41C2-9103-C3774E568568}.Debug|x64.ActiveCfg = Debug|Any CPU
		{8AB4D3D6-5271-41C2-9103-C3774E568568}.Debug|x64.Build.0 = Debug|Any CPU
		{8AB4D3D6-5271-41C2-9103-C3774E568568}.Debug|x64.Deploy.0 = Debug|Any CPU
		{8AB4D3D6-5271-41C2-9103-C3774E568568}.Debug|x86.ActiveCfg = Debug|x86
		{8AB4D3D6-5271-41C2-9103-C3774E568568}.Debug|x86.Build.0 = Debug|x86
		{8AB4D3D6-5271-41C2-9103-C3774E568568}.Debug|x86.Deploy.0 = Debug|x86
		{8AB4D3D6-5271-41C2-9103-C3774E568568}.Release|Any CPU.ActiveCfg = Release|Any CPU
		{8AB4D3D6-5271-41C2-9103-C3774E568568}.Release|Any CPU.Build.0 = Release|Any CPU
		{8AB4D3D6-5271-41C2-9103-C3774E568568}.Release|Any CPU.Deploy.0 = Release|Any CPU
		{8AB4D3D6-5271-41C2-9103-C3774E568568}.Release|ARM.ActiveCfg = Release|ARM
		{8AB4D3D6-5271-41C2-9103-C3774E568568}.Release|ARM.Build.0 = Release|ARM
		{8AB4D3D6-5271-41C2-9103-C3774E568568}.Release|ARM.Deploy.0 = Release|ARM
		{8AB4D3D6-5271-41C2-9103-C3774E568568}.Release|iPhone.ActiveCfg = Release|Any CPU
		{8AB4D3D6-5271-41C2-9103-C3774E568568}.Release|iPhone.Build.0 = Release|Any CPU
		{8AB4D3D6-5271-41C2-9103-C3774E568568}.Release|iPhone.Deploy.0 = Release|Any CPU
		{8AB4D3D6-5271-41C2-9103-C3774E568568}.Release|iPhoneSimulator.ActiveCfg = Release|Any CPU
		{8AB4D3D6-5271-41C2-9103-C3774E568568}.Release|iPhoneSimulator.Build.0 = Release|Any CPU
		{8AB4D3D6-5271-41C2-9103-C3774E568568}.Release|iPhoneSimulator.Deploy.0 = Release|Any CPU
		{8AB4D3D6-5271-41C2-9103-C3774E568568}.Release|x64.ActiveCfg = Release|Any CPU
		{8AB4D3D6-5271-41C2-9103-C3774E568568}.Release|x64.Build.0 = Release|Any CPU
		{8AB4D3D6-5271-41C2-9103-C3774E568568}.Release|x64.Deploy.0 = Release|Any CPU
		{8AB4D3D6-5271-41C2-9103-C3774E568568}.Release|x86.ActiveCfg = Release|x86
		{8AB4D3D6-5271-41C2-9103-C3774E568568}.Release|x86.Build.0 = Release|x86
		{8AB4D3D6-5271-41C2-9103-C3774E568568}.Release|x86.Deploy.0 = Release|x86
		{495CB26A-AA73-4BD8-ACE4-82C361AACEC5}.Ad-Hoc|Any CPU.ActiveCfg = Release|x86
		{495CB26A-AA73-4BD8-ACE4-82C361AACEC5}.Ad-Hoc|Any CPU.Build.0 = Release|x86
		{495CB26A-AA73-4BD8-ACE4-82C361AACEC5}.Ad-Hoc|Any CPU.Deploy.0 = Release|x86
		{495CB26A-AA73-4BD8-ACE4-82C361AACEC5}.Ad-Hoc|ARM.ActiveCfg = Release|ARM
		{495CB26A-AA73-4BD8-ACE4-82C361AACEC5}.Ad-Hoc|ARM.Build.0 = Release|ARM
		{495CB26A-AA73-4BD8-ACE4-82C361AACEC5}.Ad-Hoc|ARM.Deploy.0 = Release|ARM
		{495CB26A-AA73-4BD8-ACE4-82C361AACEC5}.Ad-Hoc|iPhone.ActiveCfg = Release|x86
		{495CB26A-AA73-4BD8-ACE4-82C361AACEC5}.Ad-Hoc|iPhone.Build.0 = Release|x86
		{495CB26A-AA73-4BD8-ACE4-82C361AACEC5}.Ad-Hoc|iPhone.Deploy.0 = Release|x86
		{495CB26A-AA73-4BD8-ACE4-82C361AACEC5}.Ad-Hoc|iPhoneSimulator.ActiveCfg = Release|x86
		{495CB26A-AA73-4BD8-ACE4-82C361AACEC5}.Ad-Hoc|iPhoneSimulator.Build.0 = Release|x86
		{495CB26A-AA73-4BD8-ACE4-82C361AACEC5}.Ad-Hoc|iPhoneSimulator.Deploy.0 = Release|x86
		{495CB26A-AA73-4BD8-ACE4-82C361AACEC5}.Ad-Hoc|x64.ActiveCfg = Release|x64
		{495CB26A-AA73-4BD8-ACE4-82C361AACEC5}.Ad-Hoc|x64.Build.0 = Release|x64
		{495CB26A-AA73-4BD8-ACE4-82C361AACEC5}.Ad-Hoc|x64.Deploy.0 = Release|x64
		{495CB26A-AA73-4BD8-ACE4-82C361AACEC5}.Ad-Hoc|x86.ActiveCfg = Release|x86
		{495CB26A-AA73-4BD8-ACE4-82C361AACEC5}.Ad-Hoc|x86.Build.0 = Release|x86
		{495CB26A-AA73-4BD8-ACE4-82C361AACEC5}.Ad-Hoc|x86.Deploy.0 = Release|x86
		{495CB26A-AA73-4BD8-ACE4-82C361AACEC5}.AppStore|Any CPU.ActiveCfg = Release|x86
		{495CB26A-AA73-4BD8-ACE4-82C361AACEC5}.AppStore|Any CPU.Build.0 = Release|x86
		{495CB26A-AA73-4BD8-ACE4-82C361AACEC5}.AppStore|Any CPU.Deploy.0 = Release|x86
		{495CB26A-AA73-4BD8-ACE4-82C361AACEC5}.AppStore|ARM.ActiveCfg = Release|ARM
		{495CB26A-AA73-4BD8-ACE4-82C361AACEC5}.AppStore|ARM.Build.0 = Release|ARM
		{495CB26A-AA73-4BD8-ACE4-82C361AACEC5}.AppStore|ARM.Deploy.0 = Release|ARM
		{495CB26A-AA73-4BD8-ACE4-82C361AACEC5}.AppStore|iPhone.ActiveCfg = Release|x86
		{495CB26A-AA73-4BD8-ACE4-82C361AACEC5}.AppStore|iPhone.Build.0 = Release|x86
		{495CB26A-AA73-4BD8-ACE4-82C361AACEC5}.AppStore|iPhone.Deploy.0 = Release|x86
		{495CB26A-AA73-4BD8-ACE4-82C361AACEC5}.AppStore|iPhoneSimulator.ActiveCfg = Release|x86
		{495CB26A-AA73-4BD8-ACE4-82C361AACEC5}.AppStore|iPhoneSimulator.Build.0 = Release|x86
		{495CB26A-AA73-4BD8-ACE4-82C361AACEC5}.AppStore|iPhoneSimulator.Deploy.0 = Release|x86
		{495CB26A-AA73-4BD8-ACE4-82C361AACEC5}.AppStore|x64.ActiveCfg = Release|x64
		{495CB26A-AA73-4BD8-ACE4-82C361AACEC5}.AppStore|x64.Build.0 = Release|x64
		{495CB26A-AA73-4BD8-ACE4-82C361AACEC5}.AppStore|x64.Deploy.0 = Release|x64
		{495CB26A-AA73-4BD8-ACE4-82C361AACEC5}.AppStore|x86.ActiveCfg = Release|x86
		{495CB26A-AA73-4BD8-ACE4-82C361AACEC5}.AppStore|x86.Build.0 = Release|x86
		{495CB26A-AA73-4BD8-ACE4-82C361AACEC5}.AppStore|x86.Deploy.0 = Release|x86
		{495CB26A-AA73-4BD8-ACE4-82C361AACEC5}.Debug|Any CPU.ActiveCfg = Debug|x86
		{495CB26A-AA73-4BD8-ACE4-82C361AACEC5}.Debug|Any CPU.Build.0 = Debug|x86
		{495CB26A-AA73-4BD8-ACE4-82C361AACEC5}.Debug|Any CPU.Deploy.0 = Debug|x86
		{495CB26A-AA73-4BD8-ACE4-82C361AACEC5}.Debug|ARM.ActiveCfg = Debug|ARM
		{495CB26A-AA73-4BD8-ACE4-82C361AACEC5}.Debug|ARM.Build.0 = Debug|ARM
		{495CB26A-AA73-4BD8-ACE4-82C361AACEC5}.Debug|ARM.Deploy.0 = Debug|ARM
		{495CB26A-AA73-4BD8-ACE4-82C361AACEC5}.Debug|iPhone.ActiveCfg = Debug|x86
		{495CB26A-AA73-4BD8-ACE4-82C361AACEC5}.Debug|iPhoneSimulator.ActiveCfg = Debug|x86
		{495CB26A-AA73-4BD8-ACE4-82C361AACEC5}.Debug|x64.ActiveCfg = Debug|x64
		{495CB26A-AA73-4BD8-ACE4-82C361AACEC5}.Debug|x64.Build.0 = Debug|x64
		{495CB26A-AA73-4BD8-ACE4-82C361AACEC5}.Debug|x64.Deploy.0 = Debug|x64
		{495CB26A-AA73-4BD8-ACE4-82C361AACEC5}.Debug|x86.ActiveCfg = Debug|x86
		{495CB26A-AA73-4BD8-ACE4-82C361AACEC5}.Debug|x86.Build.0 = Debug|x86
		{495CB26A-AA73-4BD8-ACE4-82C361AACEC5}.Debug|x86.Deploy.0 = Debug|x86
		{495CB26A-AA73-4BD8-ACE4-82C361AACEC5}.Release|Any CPU.ActiveCfg = Release|x86
		{495CB26A-AA73-4BD8-ACE4-82C361AACEC5}.Release|ARM.ActiveCfg = Release|ARM
		{495CB26A-AA73-4BD8-ACE4-82C361AACEC5}.Release|ARM.Build.0 = Release|ARM
		{495CB26A-AA73-4BD8-ACE4-82C361AACEC5}.Release|ARM.Deploy.0 = Release|ARM
		{495CB26A-AA73-4BD8-ACE4-82C361AACEC5}.Release|iPhone.ActiveCfg = Release|x86
		{495CB26A-AA73-4BD8-ACE4-82C361AACEC5}.Release|iPhoneSimulator.ActiveCfg = Release|x86
		{495CB26A-AA73-4BD8-ACE4-82C361AACEC5}.Release|x64.ActiveCfg = Release|x64
		{495CB26A-AA73-4BD8-ACE4-82C361AACEC5}.Release|x64.Build.0 = Release|x64
		{495CB26A-AA73-4BD8-ACE4-82C361AACEC5}.Release|x64.Deploy.0 = Release|x64
		{495CB26A-AA73-4BD8-ACE4-82C361AACEC5}.Release|x86.ActiveCfg = Release|x86
		{495CB26A-AA73-4BD8-ACE4-82C361AACEC5}.Release|x86.Build.0 = Release|x86
		{495CB26A-AA73-4BD8-ACE4-82C361AACEC5}.Release|x86.Deploy.0 = Release|x86
		{64A99393-2D8A-4B36-BBAF-CEB0006210CF}.Ad-Hoc|Any CPU.ActiveCfg = Release|Any CPU
		{64A99393-2D8A-4B36-BBAF-CEB0006210CF}.Ad-Hoc|Any CPU.Build.0 = Release|Any CPU
		{64A99393-2D8A-4B36-BBAF-CEB0006210CF}.Ad-Hoc|Any CPU.Deploy.0 = Release|Any CPU
		{64A99393-2D8A-4B36-BBAF-CEB0006210CF}.Ad-Hoc|ARM.ActiveCfg = Release|ARM
		{64A99393-2D8A-4B36-BBAF-CEB0006210CF}.Ad-Hoc|ARM.Build.0 = Release|ARM
		{64A99393-2D8A-4B36-BBAF-CEB0006210CF}.Ad-Hoc|ARM.Deploy.0 = Release|ARM
		{64A99393-2D8A-4B36-BBAF-CEB0006210CF}.Ad-Hoc|iPhone.ActiveCfg = Release|Any CPU
		{64A99393-2D8A-4B36-BBAF-CEB0006210CF}.Ad-Hoc|iPhone.Build.0 = Release|Any CPU
		{64A99393-2D8A-4B36-BBAF-CEB0006210CF}.Ad-Hoc|iPhone.Deploy.0 = Release|Any CPU
		{64A99393-2D8A-4B36-BBAF-CEB0006210CF}.Ad-Hoc|iPhoneSimulator.ActiveCfg = Release|Any CPU
		{64A99393-2D8A-4B36-BBAF-CEB0006210CF}.Ad-Hoc|iPhoneSimulator.Build.0 = Release|Any CPU
		{64A99393-2D8A-4B36-BBAF-CEB0006210CF}.Ad-Hoc|iPhoneSimulator.Deploy.0 = Release|Any CPU
		{64A99393-2D8A-4B36-BBAF-CEB0006210CF}.Ad-Hoc|x64.ActiveCfg = Release|x64
		{64A99393-2D8A-4B36-BBAF-CEB0006210CF}.Ad-Hoc|x64.Build.0 = Release|x64
		{64A99393-2D8A-4B36-BBAF-CEB0006210CF}.Ad-Hoc|x64.Deploy.0 = Release|x64
		{64A99393-2D8A-4B36-BBAF-CEB0006210CF}.Ad-Hoc|x86.ActiveCfg = Release|x86
		{64A99393-2D8A-4B36-BBAF-CEB0006210CF}.Ad-Hoc|x86.Build.0 = Release|x86
		{64A99393-2D8A-4B36-BBAF-CEB0006210CF}.Ad-Hoc|x86.Deploy.0 = Release|x86
		{64A99393-2D8A-4B36-BBAF-CEB0006210CF}.AppStore|Any CPU.ActiveCfg = Release|Any CPU
		{64A99393-2D8A-4B36-BBAF-CEB0006210CF}.AppStore|Any CPU.Build.0 = Release|Any CPU
		{64A99393-2D8A-4B36-BBAF-CEB0006210CF}.AppStore|Any CPU.Deploy.0 = Release|Any CPU
		{64A99393-2D8A-4B36-BBAF-CEB0006210CF}.AppStore|ARM.ActiveCfg = Release|ARM
		{64A99393-2D8A-4B36-BBAF-CEB0006210CF}.AppStore|ARM.Build.0 = Release|ARM
		{64A99393-2D8A-4B36-BBAF-CEB0006210CF}.AppStore|ARM.Deploy.0 = Release|ARM
		{64A99393-2D8A-4B36-BBAF-CEB0006210CF}.AppStore|iPhone.ActiveCfg = Release|Any CPU
		{64A99393-2D8A-4B36-BBAF-CEB0006210CF}.AppStore|iPhone.Build.0 = Release|Any CPU
		{64A99393-2D8A-4B36-BBAF-CEB0006210CF}.AppStore|iPhone.Deploy.0 = Release|Any CPU
		{64A99393-2D8A-4B36-BBAF-CEB0006210CF}.AppStore|iPhoneSimulator.ActiveCfg = Release|Any CPU
		{64A99393-2D8A-4B36-BBAF-CEB0006210CF}.AppStore|iPhoneSimulator.Build.0 = Release|Any CPU
		{64A99393-2D8A-4B36-BBAF-CEB0006210CF}.AppStore|iPhoneSimulator.Deploy.0 = Release|Any CPU
		{64A99393-2D8A-4B36-BBAF-CEB0006210CF}.AppStore|x64.ActiveCfg = Release|x64
		{64A99393-2D8A-4B36-BBAF-CEB0006210CF}.AppStore|x64.Build.0 = Release|x64
		{64A99393-2D8A-4B36-BBAF-CEB0006210CF}.AppStore|x64.Deploy.0 = Release|x64
		{64A99393-2D8A-4B36-BBAF-CEB0006210CF}.AppStore|x86.ActiveCfg = Release|x86
		{64A99393-2D8A-4B36-BBAF-CEB0006210CF}.AppStore|x86.Build.0 = Release|x86
		{64A99393-2D8A-4B36-BBAF-CEB0006210CF}.AppStore|x86.Deploy.0 = Release|x86
		{64A99393-2D8A-4B36-BBAF-CEB0006210CF}.Debug|Any CPU.ActiveCfg = Debug|Any CPU
		{64A99393-2D8A-4B36-BBAF-CEB0006210CF}.Debug|ARM.ActiveCfg = Debug|ARM
		{64A99393-2D8A-4B36-BBAF-CEB0006210CF}.Debug|ARM.Build.0 = Debug|ARM
		{64A99393-2D8A-4B36-BBAF-CEB0006210CF}.Debug|ARM.Deploy.0 = Debug|ARM
		{64A99393-2D8A-4B36-BBAF-CEB0006210CF}.Debug|iPhone.ActiveCfg = Debug|Any CPU
		{64A99393-2D8A-4B36-BBAF-CEB0006210CF}.Debug|iPhone.Build.0 = Debug|Any CPU
		{64A99393-2D8A-4B36-BBAF-CEB0006210CF}.Debug|iPhone.Deploy.0 = Debug|Any CPU
		{64A99393-2D8A-4B36-BBAF-CEB0006210CF}.Debug|iPhoneSimulator.ActiveCfg = Debug|Any CPU
		{64A99393-2D8A-4B36-BBAF-CEB0006210CF}.Debug|iPhoneSimulator.Build.0 = Debug|Any CPU
		{64A99393-2D8A-4B36-BBAF-CEB0006210CF}.Debug|iPhoneSimulator.Deploy.0 = Debug|Any CPU
		{64A99393-2D8A-4B36-BBAF-CEB0006210CF}.Debug|x64.ActiveCfg = Debug|x64
		{64A99393-2D8A-4B36-BBAF-CEB0006210CF}.Debug|x64.Build.0 = Debug|x64
		{64A99393-2D8A-4B36-BBAF-CEB0006210CF}.Debug|x64.Deploy.0 = Debug|x64
		{64A99393-2D8A-4B36-BBAF-CEB0006210CF}.Debug|x86.ActiveCfg = Debug|x86
		{64A99393-2D8A-4B36-BBAF-CEB0006210CF}.Debug|x86.Build.0 = Debug|x86
		{64A99393-2D8A-4B36-BBAF-CEB0006210CF}.Debug|x86.Deploy.0 = Debug|x86
		{64A99393-2D8A-4B36-BBAF-CEB0006210CF}.Release|Any CPU.ActiveCfg = Release|Any CPU
		{64A99393-2D8A-4B36-BBAF-CEB0006210CF}.Release|Any CPU.Build.0 = Release|Any CPU
		{64A99393-2D8A-4B36-BBAF-CEB0006210CF}.Release|Any CPU.Deploy.0 = Release|Any CPU
		{64A99393-2D8A-4B36-BBAF-CEB0006210CF}.Release|ARM.ActiveCfg = Release|ARM
		{64A99393-2D8A-4B36-BBAF-CEB0006210CF}.Release|ARM.Build.0 = Release|ARM
		{64A99393-2D8A-4B36-BBAF-CEB0006210CF}.Release|ARM.Deploy.0 = Release|ARM
		{64A99393-2D8A-4B36-BBAF-CEB0006210CF}.Release|iPhone.ActiveCfg = Release|Any CPU
		{64A99393-2D8A-4B36-BBAF-CEB0006210CF}.Release|iPhone.Build.0 = Release|Any CPU
		{64A99393-2D8A-4B36-BBAF-CEB0006210CF}.Release|iPhone.Deploy.0 = Release|Any CPU
		{64A99393-2D8A-4B36-BBAF-CEB0006210CF}.Release|iPhoneSimulator.ActiveCfg = Release|Any CPU
		{64A99393-2D8A-4B36-BBAF-CEB0006210CF}.Release|iPhoneSimulator.Build.0 = Release|Any CPU
		{64A99393-2D8A-4B36-BBAF-CEB0006210CF}.Release|iPhoneSimulator.Deploy.0 = Release|Any CPU
		{64A99393-2D8A-4B36-BBAF-CEB0006210CF}.Release|x64.ActiveCfg = Release|x64
		{64A99393-2D8A-4B36-BBAF-CEB0006210CF}.Release|x64.Build.0 = Release|x64
		{64A99393-2D8A-4B36-BBAF-CEB0006210CF}.Release|x64.Deploy.0 = Release|x64
		{64A99393-2D8A-4B36-BBAF-CEB0006210CF}.Release|x86.ActiveCfg = Release|x86
		{64A99393-2D8A-4B36-BBAF-CEB0006210CF}.Release|x86.Build.0 = Release|x86
		{64A99393-2D8A-4B36-BBAF-CEB0006210CF}.Release|x86.Deploy.0 = Release|x86
	EndGlobalSection
	GlobalSection(SolutionProperties) = preSolution
		HideSolutionNode = FALSE
	EndGlobalSection
EndGlobal
